
Microsoft Visual Studio Solution File, Format Version 12.00
# Visual Studio 14
VisualStudioVersion = 14.0.25420.1
MinimumVisualStudioVersion = 10.0.40219.1
Project("{FAE04EC0-301F-11D3-BF4B-00C04F79EFBC}") = "KinectStreamer", "KinectStreamer\KinectStreamer.csproj", "{704291FB-C910-49F1-A019-00E86BF1FB32}"
	ProjectSection(ProjectDependencies) = postProject
		{10ACF83B-EAD7-4D5A-A9A7-1C14721A21E1} = {10ACF83B-EAD7-4D5A-A9A7-1C14721A21E1}
	EndProjectSection
EndProject
Project("{FAE04EC0-301F-11D3-BF4B-00C04F79EFBC}") = "TheiaData", "..\TheiaData\TheiaData.csproj", "{10ACF83B-EAD7-4D5A-A9A7-1C14721A21E1}"
EndProject
Global
	GlobalSection(SolutionConfigurationPlatforms) = preSolution
		Debug|Any CPU = Debug|Any CPU
		Release|Any CPU = Release|Any CPU
	EndGlobalSection
	GlobalSection(ProjectConfigurationPlatforms) = postSolution
		{704291FB-C910-49F1-A019-00E86BF1FB32}.Debug|Any CPU.ActiveCfg = Debug|Any CPU
		{704291FB-C910-49F1-A019-00E86BF1FB32}.Debug|Any CPU.Build.0 = Debug|Any CPU
		{704291FB-C910-49F1-A019-00E86BF1FB32}.Release|Any CPU.ActiveCfg = Release|Any CPU
		{704291FB-C910-49F1-A019-00E86BF1FB32}.Release|Any CPU.Build.0 = Release|Any CPU
		{10ACF83B-EAD7-4D5A-A9A7-1C14721A21E1}.Debug|Any CPU.ActiveCfg = Debug|Any CPU
		{10ACF83B-EAD7-4D5A-A9A7-1C14721A21E1}.Debug|Any CPU.Build.0 = Debug|Any CPU
		{10ACF83B-EAD7-4D5A-A9A7-1C14721A21E1}.Release|Any CPU.ActiveCfg = Release|Any CPU
		{10ACF83B-EAD7-4D5A-A9A7-1C14721A21E1}.Release|Any CPU.Build.0 = Release|Any CPU
	EndGlobalSection
	GlobalSection(SolutionProperties) = preSolution
		HideSolutionNode = FALSE
	EndGlobalSection
EndGlobal
